
Microsoft Visual Studio Solution File, Format Version 12.00
# Visual Studio Version 17
VisualStudioVersion = 17.7.34009.444
MinimumVisualStudioVersion = 10.0.40219.1
Project("{FAE04EC0-301F-11D3-BF4B-00C04F79EFBC}") = "encapsulamento", "encapsulamento\encapsulamento.csproj", "{DA2A8B36-50FE-4166-8D8D-979B138D5F7A}"
EndProject
Global
	GlobalSection(SolutionConfigurationPlatforms) = preSolution
		Debug|Any CPU = Debug|Any CPU
		Release|Any CPU = Release|Any CPU
	EndGlobalSection
	GlobalSection(ProjectConfigurationPlatforms) = postSolution
		{DA2A8B36-50FE-4166-8D8D-979B138D5F7A}.Debug|Any CPU.ActiveCfg = Debug|Any CPU
		{DA2A8B36-50FE-4166-8D8D-979B138D5F7A}.Debug|Any CPU.Build.0 = Debug|Any CPU
		{DA2A8B36-50FE-4166-8D8D-979B138D5F7A}.Release|Any CPU.ActiveCfg = Release|Any CPU
		{DA2A8B36-50FE-4166-8D8D-979B138D5F7A}.Release|Any CPU.Build.0 = Release|Any CPU
	EndGlobalSection
	GlobalSection(SolutionProperties) = preSolution
		HideSolutionNode = FALSE
	EndGlobalSection
	GlobalSection(ExtensibilityGlobals) = postSolution
		SolutionGuid = {E2594A62-64AA-4160-A0F7-DCBBAA28A2BE}
	EndGlobalSection
EndGlobal
